
Microsoft Visual Studio Solution File, Format Version 12.00
# Visual Studio 15
VisualStudioVersion = 15.0.28307.572
MinimumVisualStudioVersion = 10.0.40219.1
Project("{FAE04EC0-301F-11D3-BF4B-00C04F79EFBC}") = "YTcms", "YTcms\YTcms.csproj", "{A8EF47F3-390B-4C05-98BD-B50A3C544E7A}"
EndProject
Project("{FAE04EC0-301F-11D3-BF4B-00C04F79EFBC}") = "YTcms.Web", "YTcms.Web\YTcms.Web.csproj", "{BA8694FA-617D-4B23-A2E0-85B5B76DB9D7}"
EndProject
Global
	GlobalSection(SolutionConfigurationPlatforms) = preSolution
		Debug|Any CPU = Debug|Any CPU
		Release|Any CPU = Release|Any CPU
	EndGlobalSection
	GlobalSection(ProjectConfigurationPlatforms) = postSolution
		{A8EF47F3-390B-4C05-98BD-B50A3C544E7A}.Debug|Any CPU.ActiveCfg = Debug|Any CPU
		{A8EF47F3-390B-4C05-98BD-B50A3C544E7A}.Debug|Any CPU.Build.0 = Debug|Any CPU
		{A8EF47F3-390B-4C05-98BD-B50A3C544E7A}.Release|Any CPU.ActiveCfg = Release|Any CPU
		{A8EF47F3-390B-4C05-98BD-B50A3C544E7A}.Release|Any CPU.Build.0 = Release|Any CPU
		{BA8694FA-617D-4B23-A2E0-85B5B76DB9D7}.Debug|Any CPU.ActiveCfg = Debug|Any CPU
		{BA8694FA-617D-4B23-A2E0-85B5B76DB9D7}.Debug|Any CPU.Build.0 = Debug|Any CPU
		{BA8694FA-617D-4B23-A2E0-85B5B76DB9D7}.Release|Any CPU.ActiveCfg = Release|Any CPU
		{BA8694FA-617D-4B23-A2E0-85B5B76DB9D7}.Release|Any CPU.Build.0 = Release|Any CPU
	EndGlobalSection
	GlobalSection(SolutionProperties) = preSolution
		HideSolutionNode = FALSE
	EndGlobalSection
	GlobalSection(ExtensibilityGlobals) = postSolution
		SolutionGuid = {D119B422-F77C-426F-BA43-58293F28AB09}
	EndGlobalSection
EndGlobal
